
Microsoft Visual Studio Solution File, Format Version 12.00
# Visual Studio 2015
Project("{FAE04EC0-301F-11D3-BF4B-00C04F79EFBC}") = "CarveVR.CSharp.Plugins", "CarveVR.CSharp.Plugins.csproj", "{2D6E451C-3EAF-3E60-CDBA-1952CF658639}"
EndProject
Project("{FAE04EC0-301F-11D3-BF4B-00C04F79EFBC}") = "CarveVR.CSharp", "CarveVR.CSharp.csproj", "{DDB0803F-331E-D541-334E-69E7D10145FD}"
EndProject
Project("{FAE04EC0-301F-11D3-BF4B-00C04F79EFBC}") = "CarveVR.CSharp.Editor", "CarveVR.CSharp.Editor.csproj", "{BCB7BA41-FAF8-FED1-83FA-4E3A1FF67C02}"
EndProject
Global
	GlobalSection(SolutionConfigurationPlatforms) = preSolution
		Debug|Any CPU = Debug|Any CPU
		Release|Any CPU = Release|Any CPU
	EndGlobalSection
	GlobalSection(ProjectConfigurationPlatforms) = postSolution
		{2D6E451C-3EAF-3E60-CDBA-1952CF658639}.Debug|Any CPU.ActiveCfg = Debug|Any CPU
		{2D6E451C-3EAF-3E60-CDBA-1952CF658639}.Debug|Any CPU.Build.0 = Debug|Any CPU
		{2D6E451C-3EAF-3E60-CDBA-1952CF658639}.Release|Any CPU.ActiveCfg = Release|Any CPU
		{2D6E451C-3EAF-3E60-CDBA-1952CF658639}.Release|Any CPU.Build.0 = Release|Any CPU
		{DDB0803F-331E-D541-334E-69E7D10145FD}.Debug|Any CPU.ActiveCfg = Debug|Any CPU
		{DDB0803F-331E-D541-334E-69E7D10145FD}.Debug|Any CPU.Build.0 = Debug|Any CPU
		{DDB0803F-331E-D541-334E-69E7D10145FD}.Release|Any CPU.ActiveCfg = Release|Any CPU
		{DDB0803F-331E-D541-334E-69E7D10145FD}.Release|Any CPU.Build.0 = Release|Any CPU
		{BCB7BA41-FAF8-FED1-83FA-4E3A1FF67C02}.Debug|Any CPU.ActiveCfg = Debug|Any CPU
		{BCB7BA41-FAF8-FED1-83FA-4E3A1FF67C02}.Debug|Any CPU.Build.0 = Debug|Any CPU
		{BCB7BA41-FAF8-FED1-83FA-4E3A1FF67C02}.Release|Any CPU.ActiveCfg = Release|Any CPU
		{BCB7BA41-FAF8-FED1-83FA-4E3A1FF67C02}.Release|Any CPU.Build.0 = Release|Any CPU
	EndGlobalSection
	GlobalSection(SolutionProperties) = preSolution
		HideSolutionNode = FALSE
	EndGlobalSection
EndGlobal
